// !$*UTF8*$!
{
	archiveVersion = 1;
	classes = {
	};
	objectVersion = 46;
	objects = {

/* Begin PBXBuildFile section */
		1B496C6F163E1C0200A4FB80 /* UIKit.framework in Frameworks */ = {isa = PBXBuildFile; fileRef = 1B496C6E163E1C0200A4FB80 /* UIKit.framework */; };
		1B496C71163E1C0200A4FB80 /* Foundation.framework in Frameworks */ = {isa = PBXBuildFile; fileRef = 1B496C70163E1C0200A4FB80 /* Foundation.framework */; };
		1B496C73163E1C0200A4FB80 /* CoreGraphics.framework in Frameworks */ = {isa = PBXBuildFile; fileRef = 1B496C72163E1C0200A4FB80 /* CoreGraphics.framework */; };
		1B496C79163E1C0200A4FB80 /* InfoPlist.strings in Resources */ = {isa = PBXBuildFile; fileRef = 1B496C77163E1C0200A4FB80 /* InfoPlist.strings */; };
		1B496C7B163E1C0200A4FB80 /* main.m in Sources */ = {isa = PBXBuildFile; fileRef = 1B496C7A163E1C0200A4FB80 /* main.m */; };
		1B496C7F163E1C0200A4FB80 /* DCAppDelegate.m in Sources */ = {isa = PBXBuildFile; fileRef = 1B496C7E163E1C0200A4FB80 /* DCAppDelegate.m */; };
		1B496C81163E1C0200A4FB80 /* Default.png in Resources */ = {isa = PBXBuildFile; fileRef = 1B496C80163E1C0200A4FB80 /* Default.png */; };
		1B496C83163E1C0200A4FB80 /* Default@2x.png in Resources */ = {isa = PBXBuildFile; fileRef = 1B496C82163E1C0200A4FB80 /* Default@2x.png */; };
		1B496C85163E1C0200A4FB80 /* Default-568h@2x.png in Resources */ = {isa = PBXBuildFile; fileRef = 1B496C84163E1C0200A4FB80 /* Default-568h@2x.png */; };
		1B496CA4163E521100A4FB80 /* DCCustimizableCommand.m in Sources */ = {isa = PBXBuildFile; fileRef = 1B496CA3163E521100A4FB80 /* DCCustimizableCommand.m */; };
		1B496CA7163E534B00A4FB80 /* DCSaveScribbleCommand.m in Sources */ = {isa = PBXBuildFile; fileRef = 1B496CA6163E534B00A4FB80 /* DCSaveScribbleCommand.m */; };
		1B496CAA163E570F00A4FB80 /* DCDeleteScribbleCommand.m in Sources */ = {isa = PBXBuildFile; fileRef = 1B496CA9163E570F00A4FB80 /* DCDeleteScribbleCommand.m */; };
		1B496CAD163E594900A4FB80 /* DCOpenScribbleCommand.m in Sources */ = {isa = PBXBuildFile; fileRef = 1B496CAC163E594900A4FB80 /* DCOpenScribbleCommand.m */; };
		1B496CBB163E64AE00A4FB80 /* DCSetStrokeSizeCommand.m in Sources */ = {isa = PBXBuildFile; fileRef = 1B496CBA163E64AE00A4FB80 /* DCSetStrokeSizeCommand.m */; };
		1B496CBE163E707600A4FB80 /* DCSetStrokeColorCommand.m in Sources */ = {isa = PBXBuildFile; fileRef = 1B496CBD163E707500A4FB80 /* DCSetStrokeColorCommand.m */; };
		1B496CC2163E797700A4FB80 /* DCCommandBarButton.m in Sources */ = {isa = PBXBuildFile; fileRef = 1B496CC1163E797700A4FB80 /* DCCommandBarButton.m */; };
		1B496CC5163E821900A4FB80 /* DCCommandSlider.m in Sources */ = {isa = PBXBuildFile; fileRef = 1B496CC4163E821900A4FB80 /* DCCommandSlider.m */; };
		1BE25498163F676800F6D002 /* NSMutableArray+Stack.m in Sources */ = {isa = PBXBuildFile; fileRef = 1BE25497163F676800F6D002 /* NSMutableArray+Stack.m */; };
		1BE2549C163F6AC100F6D002 /* UIView+UIImage.m in Sources */ = {isa = PBXBuildFile; fileRef = 1BE2549B163F6AC100F6D002 /* UIView+UIImage.m */; };
		1BE2549E163F6C0B00F6D002 /* QuartzCore.framework in Frameworks */ = {isa = PBXBuildFile; fileRef = 1BE2549D163F6C0B00F6D002 /* QuartzCore.framework */; };
		1BE254CA163F81B500F6D002 /* DCCoordinatingCtrl.m in Sources */ = {isa = PBXBuildFile; fileRef = 1BE254C9163F81B400F6D002 /* DCCoordinatingCtrl.m */; };
		1BE2550D163FA08300F6D002 /* DCDot.m in Sources */ = {isa = PBXBuildFile; fileRef = 1BE254F1163FA08300F6D002 /* DCDot.m */; };
		1BE2550E163FA08300F6D002 /* DCMarkEnumerator.m in Sources */ = {isa = PBXBuildFile; fileRef = 1BE254F4163FA08300F6D002 /* DCMarkEnumerator.m */; };
		1BE2550F163FA08300F6D002 /* DCMarkEnumerator+Internal.m in Sources */ = {isa = PBXBuildFile; fileRef = 1BE254F6163FA08300F6D002 /* DCMarkEnumerator+Internal.m */; };
		1BE25510163FA08300F6D002 /* DCMarkRenderer.m in Sources */ = {isa = PBXBuildFile; fileRef = 1BE254F8163FA08300F6D002 /* DCMarkRenderer.m */; };
		1BE25511163FA08300F6D002 /* DCPrototypeCtrl.m in Sources */ = {isa = PBXBuildFile; fileRef = 1BE254FB163FA08300F6D002 /* DCPrototypeCtrl.m */; };
		1BE25512163FA08300F6D002 /* DCScribble.m in Sources */ = {isa = PBXBuildFile; fileRef = 1BE254FD163FA08300F6D002 /* DCScribble.m */; };
		1BE25513163FA08300F6D002 /* DCScribbleManager.m in Sources */ = {isa = PBXBuildFile; fileRef = 1BE254FF163FA08300F6D002 /* DCScribbleManager.m */; };
		1BE25514163FA08300F6D002 /* DCScribbleMemento.m in Sources */ = {isa = PBXBuildFile; fileRef = 1BE25501163FA08300F6D002 /* DCScribbleMemento.m */; };
		1BE25516163FA08300F6D002 /* DCScribbleThumbnailView.m in Sources */ = {isa = PBXBuildFile; fileRef = 1BE25506163FA08300F6D002 /* DCScribbleThumbnailView.m */; };
		1BE25517163FA08300F6D002 /* DCScribbleThumbnailViewImageProxy.m in Sources */ = {isa = PBXBuildFile; fileRef = 1BE25508163FA08300F6D002 /* DCScribbleThumbnailViewImageProxy.m */; };
		1BE25518163FA08300F6D002 /* DCStroke.m in Sources */ = {isa = PBXBuildFile; fileRef = 1BE2550A163FA08300F6D002 /* DCStroke.m */; };
		1BE25519163FA08300F6D002 /* DCVertex.m in Sources */ = {isa = PBXBuildFile; fileRef = 1BE2550C163FA08300F6D002 /* DCVertex.m */; };
		1BE2552E163FA63500F6D002 /* DCCanvasViewCtrl.m in Sources */ = {isa = PBXBuildFile; fileRef = 1BE2552C163FA63500F6D002 /* DCCanvasViewCtrl.m */; };
		1BE2552F163FA63500F6D002 /* DCCanvasViewCtrl.xib in Resources */ = {isa = PBXBuildFile; fileRef = 1BE2552D163FA63500F6D002 /* DCCanvasViewCtrl.xib */; };
		1BE25533163FA65A00F6D002 /* DCThumbnailViewCtrl.m in Sources */ = {isa = PBXBuildFile; fileRef = 1BE25531163FA65A00F6D002 /* DCThumbnailViewCtrl.m */; };
		1BE25534163FA65A00F6D002 /* DCThumbnailViewCtrl.xib in Resources */ = {isa = PBXBuildFile; fileRef = 1BE25532163FA65A00F6D002 /* DCThumbnailViewCtrl.xib */; };
		1BE25537163FA67600F6D002 /* DCScribbleThumbnailCell.m in Sources */ = {isa = PBXBuildFile; fileRef = 1BE25536163FA67600F6D002 /* DCScribbleThumbnailCell.m */; };
		1BE2553B163FA69A00F6D002 /* DCPaletteViewCtrl.m in Sources */ = {isa = PBXBuildFile; fileRef = 1BE25539163FA69A00F6D002 /* DCPaletteViewCtrl.m */; };
		1BE2553C163FA69A00F6D002 /* DCPaletteViewCtrl.xib in Resources */ = {isa = PBXBuildFile; fileRef = 1BE2553A163FA69A00F6D002 /* DCPaletteViewCtrl.xib */; };
		1BE2554A163FA8AB00F6D002 /* DCCanvasView.m in Sources */ = {isa = PBXBuildFile; fileRef = 1BE2553F163FA8AB00F6D002 /* DCCanvasView.m */; };
		1BE2554B163FA8AB00F6D002 /* DCCanvasViewGenerator.m in Sources */ = {isa = PBXBuildFile; fileRef = 1BE25541163FA8AB00F6D002 /* DCCanvasViewGenerator.m */; };
		1BE2554C163FA8AB00F6D002 /* DCClothCanvasView.m in Sources */ = {isa = PBXBuildFile; fileRef = 1BE25543163FA8AB00F6D002 /* DCClothCanvasView.m */; };
		1BE2554D163FA8AB00F6D002 /* DCClothCanvasViewGenerator.m in Sources */ = {isa = PBXBuildFile; fileRef = 1BE25545163FA8AB00F6D002 /* DCClothCanvasViewGenerator.m */; };
		1BE2554E163FA8AB00F6D002 /* DCPaperCanvasView.m in Sources */ = {isa = PBXBuildFile; fileRef = 1BE25547163FA8AB00F6D002 /* DCPaperCanvasView.m */; };
		1BE2554F163FA8AB00F6D002 /* DCPaperCanvasViewGenerator.m in Sources */ = {isa = PBXBuildFile; fileRef = 1BE25549163FA8AB00F6D002 /* DCPaperCanvasViewGenerator.m */; };
/* End PBXBuildFile section */

/* Begin PBXFileReference section */
		1B496C6A163E1C0200A4FB80 /* CuriousCaptain.app */ = {isa = PBXFileReference; explicitFileType = wrapper.application; includeInIndex = 0; path = CuriousCaptain.app; sourceTree = BUILT_PRODUCTS_DIR; };
		1B496C6E163E1C0200A4FB80 /* UIKit.framework */ = {isa = PBXFileReference; lastKnownFileType = wrapper.framework; name = UIKit.framework; path = System/Library/Frameworks/UIKit.framework; sourceTree = SDKROOT; };
		1B496C70163E1C0200A4FB80 /* Foundation.framework */ = {isa = PBXFileReference; lastKnownFileType = wrapper.framework; name = Foundation.framework; path = System/Library/Frameworks/Foundation.framework; sourceTree = SDKROOT; };
		1B496C72163E1C0200A4FB80 /* CoreGraphics.framework */ = {isa = PBXFileReference; lastKnownFileType = wrapper.framework; name = CoreGraphics.framework; path = System/Library/Frameworks/CoreGraphics.framework; sourceTree = SDKROOT; };
		1B496C76163E1C0200A4FB80 /* CuriousCaptain-Info.plist */ = {isa = PBXFileReference; lastKnownFileType = text.plist.xml; path = "CuriousCaptain-Info.plist"; sourceTree = "<group>"; };
		1B496C78163E1C0200A4FB80 /* en */ = {isa = PBXFileReference; lastKnownFileType = text.plist.strings; name = en; path = en.lproj/InfoPlist.strings; sourceTree = "<group>"; };
		1B496C7A163E1C0200A4FB80 /* main.m */ = {isa = PBXFileReference; lastKnownFileType = sourcecode.c.objc; path = main.m; sourceTree = "<group>"; };
		1B496C7C163E1C0200A4FB80 /* CuriousCaptain-Prefix.pch */ = {isa = PBXFileReference; lastKnownFileType = sourcecode.c.h; path = "CuriousCaptain-Prefix.pch"; sourceTree = "<group>"; };
		1B496C7D163E1C0200A4FB80 /* DCAppDelegate.h */ = {isa = PBXFileReference; lastKnownFileType = sourcecode.c.h; path = DCAppDelegate.h; sourceTree = "<group>"; };
		1B496C7E163E1C0200A4FB80 /* DCAppDelegate.m */ = {isa = PBXFileReference; lastKnownFileType = sourcecode.c.objc; path = DCAppDelegate.m; sourceTree = "<group>"; };
		1B496C80163E1C0200A4FB80 /* Default.png */ = {isa = PBXFileReference; lastKnownFileType = image.png; path = Default.png; sourceTree = "<group>"; };
		1B496C82163E1C0200A4FB80 /* Default@2x.png */ = {isa = PBXFileReference; lastKnownFileType = image.png; path = "Default@2x.png"; sourceTree = "<group>"; };
		1B496C84163E1C0200A4FB80 /* Default-568h@2x.png */ = {isa = PBXFileReference; lastKnownFileType = image.png; path = "Default-568h@2x.png"; sourceTree = "<group>"; };
		1B496CA2163E521100A4FB80 /* DCCustimizableCommand.h */ = {isa = PBXFileReference; fileEncoding = 4; lastKnownFileType = sourcecode.c.h; name = DCCustimizableCommand.h; path = Command/DCCustimizableCommand.h; sourceTree = "<group>"; };
		1B496CA3163E521100A4FB80 /* DCCustimizableCommand.m */ = {isa = PBXFileReference; fileEncoding = 4; lastKnownFileType = sourcecode.c.objc; name = DCCustimizableCommand.m; path = Command/DCCustimizableCommand.m; sourceTree = "<group>"; };
		1B496CA5163E534B00A4FB80 /* DCSaveScribbleCommand.h */ = {isa = PBXFileReference; fileEncoding = 4; lastKnownFileType = sourcecode.c.h; name = DCSaveScribbleCommand.h; path = Command/DCSaveScribbleCommand.h; sourceTree = "<group>"; };
		1B496CA6163E534B00A4FB80 /* DCSaveScribbleCommand.m */ = {isa = PBXFileReference; fileEncoding = 4; lastKnownFileType = sourcecode.c.objc; name = DCSaveScribbleCommand.m; path = Command/DCSaveScribbleCommand.m; sourceTree = "<group>"; };
		1B496CA8163E570F00A4FB80 /* DCDeleteScribbleCommand.h */ = {isa = PBXFileReference; fileEncoding = 4; lastKnownFileType = sourcecode.c.h; name = DCDeleteScribbleCommand.h; path = Command/DCDeleteScribbleCommand.h; sourceTree = "<group>"; };
		1B496CA9163E570F00A4FB80 /* DCDeleteScribbleCommand.m */ = {isa = PBXFileReference; fileEncoding = 4; lastKnownFileType = sourcecode.c.objc; name = DCDeleteScribbleCommand.m; path = Command/DCDeleteScribbleCommand.m; sourceTree = "<group>"; };
		1B496CAB163E594900A4FB80 /* DCOpenScribbleCommand.h */ = {isa = PBXFileReference; fileEncoding = 4; lastKnownFileType = sourcecode.c.h; name = DCOpenScribbleCommand.h; path = Command/DCOpenScribbleCommand.h; sourceTree = "<group>"; };
		1B496CAC163E594900A4FB80 /* DCOpenScribbleCommand.m */ = {isa = PBXFileReference; fileEncoding = 4; lastKnownFileType = sourcecode.c.objc; name = DCOpenScribbleCommand.m; path = Command/DCOpenScribbleCommand.m; sourceTree = "<group>"; };
		1B496CB9163E64AD00A4FB80 /* DCSetStrokeSizeCommand.h */ = {isa = PBXFileReference; fileEncoding = 4; lastKnownFileType = sourcecode.c.h; name = DCSetStrokeSizeCommand.h; path = Command/DCSetStrokeSizeCommand.h; sourceTree = "<group>"; };
		1B496CBA163E64AE00A4FB80 /* DCSetStrokeSizeCommand.m */ = {isa = PBXFileReference; fileEncoding = 4; lastKnownFileType = sourcecode.c.objc; name = DCSetStrokeSizeCommand.m; path = Command/DCSetStrokeSizeCommand.m; sourceTree = "<group>"; };
		1B496CBC163E707500A4FB80 /* DCSetStrokeColorCommand.h */ = {isa = PBXFileReference; fileEncoding = 4; lastKnownFileType = sourcecode.c.h; name = DCSetStrokeColorCommand.h; path = Command/DCSetStrokeColorCommand.h; sourceTree = "<group>"; };
		1B496CBD163E707500A4FB80 /* DCSetStrokeColorCommand.m */ = {isa = PBXFileReference; fileEncoding = 4; lastKnownFileType = sourcecode.c.objc; name = DCSetStrokeColorCommand.m; path = Command/DCSetStrokeColorCommand.m; sourceTree = "<group>"; };
		1B496CC0163E797700A4FB80 /* DCCommandBarButton.h */ = {isa = PBXFileReference; fileEncoding = 4; lastKnownFileType = sourcecode.c.h; name = DCCommandBarButton.h; path = Utility/DCCommandBarButton.h; sourceTree = "<group>"; };
		1B496CC1163E797700A4FB80 /* DCCommandBarButton.m */ = {isa = PBXFileReference; fileEncoding = 4; lastKnownFileType = sourcecode.c.objc; name = DCCommandBarButton.m; path = Utility/DCCommandBarButton.m; sourceTree = "<group>"; };
		1B496CC3163E821900A4FB80 /* DCCommandSlider.h */ = {isa = PBXFileReference; fileEncoding = 4; lastKnownFileType = sourcecode.c.h; name = DCCommandSlider.h; path = Utility/DCCommandSlider.h; sourceTree = "<group>"; };
		1B496CC4163E821900A4FB80 /* DCCommandSlider.m */ = {isa = PBXFileReference; fileEncoding = 4; lastKnownFileType = sourcecode.c.objc; name = DCCommandSlider.m; path = Utility/DCCommandSlider.m; sourceTree = "<group>"; };
		1BE25496163F676800F6D002 /* NSMutableArray+Stack.h */ = {isa = PBXFileReference; fileEncoding = 4; lastKnownFileType = sourcecode.c.h; name = "NSMutableArray+Stack.h"; path = "Utility/NSMutableArray+Stack.h"; sourceTree = "<group>"; };
		1BE25497163F676800F6D002 /* NSMutableArray+Stack.m */ = {isa = PBXFileReference; fileEncoding = 4; lastKnownFileType = sourcecode.c.objc; name = "NSMutableArray+Stack.m"; path = "Utility/NSMutableArray+Stack.m"; sourceTree = "<group>"; };
		1BE2549A163F6AC100F6D002 /* UIView+UIImage.h */ = {isa = PBXFileReference; fileEncoding = 4; lastKnownFileType = sourcecode.c.h; name = "UIView+UIImage.h"; path = "Utility/UIView+UIImage.h"; sourceTree = "<group>"; };
		1BE2549B163F6AC100F6D002 /* UIView+UIImage.m */ = {isa = PBXFileReference; fileEncoding = 4; lastKnownFileType = sourcecode.c.objc; name = "UIView+UIImage.m"; path = "Utility/UIView+UIImage.m"; sourceTree = "<group>"; };
		1BE2549D163F6C0B00F6D002 /* QuartzCore.framework */ = {isa = PBXFileReference; lastKnownFileType = wrapper.framework; name = QuartzCore.framework; path = System/Library/Frameworks/QuartzCore.framework; sourceTree = SDKROOT; };
		1BE254C8163F81B300F6D002 /* DCCoordinatingCtrl.h */ = {isa = PBXFileReference; fileEncoding = 4; lastKnownFileType = sourcecode.c.h; path = DCCoordinatingCtrl.h; sourceTree = "<group>"; };
		1BE254C9163F81B400F6D002 /* DCCoordinatingCtrl.m */ = {isa = PBXFileReference; fileEncoding = 4; lastKnownFileType = sourcecode.c.objc; path = DCCoordinatingCtrl.m; sourceTree = "<group>"; };
		1BE254F0163FA08300F6D002 /* DCDot.h */ = {isa = PBXFileReference; fileEncoding = 4; lastKnownFileType = sourcecode.c.h; name = DCDot.h; path = Scribble/DCDot.h; sourceTree = "<group>"; };
		1BE254F1163FA08300F6D002 /* DCDot.m */ = {isa = PBXFileReference; fileEncoding = 4; lastKnownFileType = sourcecode.c.objc; name = DCDot.m; path = Scribble/DCDot.m; sourceTree = "<group>"; };
		1BE254F2163FA08300F6D002 /* DCMark.h */ = {isa = PBXFileReference; fileEncoding = 4; lastKnownFileType = sourcecode.c.h; name = DCMark.h; path = Scribble/DCMark.h; sourceTree = "<group>"; };
		1BE254F3163FA08300F6D002 /* DCMarkEnumerator.h */ = {isa = PBXFileReference; fileEncoding = 4; lastKnownFileType = sourcecode.c.h; name = DCMarkEnumerator.h; path = Scribble/DCMarkEnumerator.h; sourceTree = "<group>"; };
		1BE254F4163FA08300F6D002 /* DCMarkEnumerator.m */ = {isa = PBXFileReference; fileEncoding = 4; lastKnownFileType = sourcecode.c.objc; name = DCMarkEnumerator.m; path = Scribble/DCMarkEnumerator.m; sourceTree = "<group>"; };
		1BE254F5163FA08300F6D002 /* DCMarkEnumerator+Internal.h */ = {isa = PBXFileReference; fileEncoding = 4; lastKnownFileType = sourcecode.c.h; name = "DCMarkEnumerator+Internal.h"; path = "Scribble/DCMarkEnumerator+Internal.h"; sourceTree = "<group>"; };
		1BE254F6163FA08300F6D002 /* DCMarkEnumerator+Internal.m */ = {isa = PBXFileReference; fileEncoding = 4; lastKnownFileType = sourcecode.c.objc; name = "DCMarkEnumerator+Internal.m"; path = "Scribble/DCMarkEnumerator+Internal.m"; sourceTree = "<group>"; };
		1BE254F7163FA08300F6D002 /* DCMarkRenderer.h */ = {isa = PBXFileReference; fileEncoding = 4; lastKnownFileType = sourcecode.c.h; name = DCMarkRenderer.h; path = Scribble/DCMarkRenderer.h; sourceTree = "<group>"; };
		1BE254F8163FA08300F6D002 /* DCMarkRenderer.m */ = {isa = PBXFileReference; fileEncoding = 4; lastKnownFileType = sourcecode.c.objc; name = DCMarkRenderer.m; path = Scribble/DCMarkRenderer.m; sourceTree = "<group>"; };
		1BE254F9163FA08300F6D002 /* DCMarkVisitor.h */ = {isa = PBXFileReference; fileEncoding = 4; lastKnownFileType = sourcecode.c.h; name = DCMarkVisitor.h; path = Scribble/DCMarkVisitor.h; sourceTree = "<group>"; };
		1BE254FA163FA08300F6D002 /* DCPrototypeCtrl.h */ = {isa = PBXFileReference; fileEncoding = 4; lastKnownFileType = sourcecode.c.h; name = DCPrototypeCtrl.h; path = Scribble/DCPrototypeCtrl.h; sourceTree = "<group>"; };
		1BE254FB163FA08300F6D002 /* DCPrototypeCtrl.m */ = {isa = PBXFileReference; fileEncoding = 4; lastKnownFileType = sourcecode.c.objc; name = DCPrototypeCtrl.m; path = Scribble/DCPrototypeCtrl.m; sourceTree = "<group>"; };
		1BE254FC163FA08300F6D002 /* DCScribble.h */ = {isa = PBXFileReference; fileEncoding = 4; lastKnownFileType = sourcecode.c.h; name = DCScribble.h; path = Scribble/DCScribble.h; sourceTree = "<group>"; };
		1BE254FD163FA08300F6D002 /* DCScribble.m */ = {isa = PBXFileReference; fileEncoding = 4; lastKnownFileType = sourcecode.c.objc; name = DCScribble.m; path = Scribble/DCScribble.m; sourceTree = "<group>"; };
		1BE254FE163FA08300F6D002 /* DCScribbleManager.h */ = {isa = PBXFileReference; fileEncoding = 4; lastKnownFileType = sourcecode.c.h; name = DCScribbleManager.h; path = Scribble/DCScribbleManager.h; sourceTree = "<group>"; };
		1BE254FF163FA08300F6D002 /* DCScribbleManager.m */ = {isa = PBXFileReference; fileEncoding = 4; lastKnownFileType = sourcecode.c.objc; name = DCScribbleManager.m; path = Scribble/DCScribbleManager.m; sourceTree = "<group>"; };
		1BE25500163FA08300F6D002 /* DCScribbleMemento.h */ = {isa = PBXFileReference; fileEncoding = 4; lastKnownFileType = sourcecode.c.h; name = DCScribbleMemento.h; path = Scribble/DCScribbleMemento.h; sourceTree = "<group>"; };
		1BE25501163FA08300F6D002 /* DCScribbleMemento.m */ = {isa = PBXFileReference; fileEncoding = 4; lastKnownFileType = sourcecode.c.objc; name = DCScribbleMemento.m; path = Scribble/DCScribbleMemento.m; sourceTree = "<group>"; };
		1BE25502163FA08300F6D002 /* DCScribbleMemento+Friend.h */ = {isa = PBXFileReference; fileEncoding = 4; lastKnownFileType = sourcecode.c.h; name = "DCScribbleMemento+Friend.h"; path = "Scribble/DCScribbleMemento+Friend.h"; sourceTree = "<group>"; };
		1BE25504163FA08300F6D002 /* DCScribbleSrc.h */ = {isa = PBXFileReference; fileEncoding = 4; lastKnownFileType = sourcecode.c.h; name = DCScribbleSrc.h; path = Scribble/DCScribbleSrc.h; sourceTree = "<group>"; };
		1BE25505163FA08300F6D002 /* DCScribbleThumbnailView.h */ = {isa = PBXFileReference; fileEncoding = 4; lastKnownFileType = sourcecode.c.h; name = DCScribbleThumbnailView.h; path = Scribble/DCScribbleThumbnailView.h; sourceTree = "<group>"; };
		1BE25506163FA08300F6D002 /* DCScribbleThumbnailView.m */ = {isa = PBXFileReference; fileEncoding = 4; lastKnownFileType = sourcecode.c.objc; name = DCScribbleThumbnailView.m; path = Scribble/DCScribbleThumbnailView.m; sourceTree = "<group>"; };
		1BE25507163FA08300F6D002 /* DCScribbleThumbnailViewImageProxy.h */ = {isa = PBXFileReference; fileEncoding = 4; lastKnownFileType = sourcecode.c.h; name = DCScribbleThumbnailViewImageProxy.h; path = Scribble/DCScribbleThumbnailViewImageProxy.h; sourceTree = "<group>"; };
		1BE25508163FA08300F6D002 /* DCScribbleThumbnailViewImageProxy.m */ = {isa = PBXFileReference; fileEncoding = 4; lastKnownFileType = sourcecode.c.objc; name = DCScribbleThumbnailViewImageProxy.m; path = Scribble/DCScribbleThumbnailViewImageProxy.m; sourceTree = "<group>"; };
		1BE25509163FA08300F6D002 /* DCStroke.h */ = {isa = PBXFileReference; fileEncoding = 4; lastKnownFileType = sourcecode.c.h; name = DCStroke.h; path = Scribble/DCStroke.h; sourceTree = "<group>"; };
		1BE2550A163FA08300F6D002 /* DCStroke.m */ = {isa = PBXFileReference; fileEncoding = 4; lastKnownFileType = sourcecode.c.objc; name = DCStroke.m; path = Scribble/DCStroke.m; sourceTree = "<group>"; };
		1BE2550B163FA08300F6D002 /* DCVertex.h */ = {isa = PBXFileReference; fileEncoding = 4; lastKnownFileType = sourcecode.c.h; name = DCVertex.h; path = Scribble/DCVertex.h; sourceTree = "<group>"; };
		1BE2550C163FA08300F6D002 /* DCVertex.m */ = {isa = PBXFileReference; fileEncoding = 4; lastKnownFileType = sourcecode.c.objc; name = DCVertex.m; path = Scribble/DCVertex.m; sourceTree = "<group>"; };
		1BE2552B163FA63500F6D002 /* DCCanvasViewCtrl.h */ = {isa = PBXFileReference; fileEncoding = 4; lastKnownFileType = sourcecode.c.h; name = DCCanvasViewCtrl.h; path = CanvasViewCtrl/DCCanvasViewCtrl.h; sourceTree = "<group>"; };
		1BE2552C163FA63500F6D002 /* DCCanvasViewCtrl.m */ = {isa = PBXFileReference; fileEncoding = 4; lastKnownFileType = sourcecode.c.objc; name = DCCanvasViewCtrl.m; path = CanvasViewCtrl/DCCanvasViewCtrl.m; sourceTree = "<group>"; };
		1BE2552D163FA63500F6D002 /* DCCanvasViewCtrl.xib */ = {isa = PBXFileReference; fileEncoding = 4; lastKnownFileType = file.xib; name = DCCanvasViewCtrl.xib; path = CanvasViewCtrl/DCCanvasViewCtrl.xib; sourceTree = "<group>"; };
		1BE25530163FA65A00F6D002 /* DCThumbnailViewCtrl.h */ = {isa = PBXFileReference; fileEncoding = 4; lastKnownFileType = sourcecode.c.h; name = DCThumbnailViewCtrl.h; path = ThumbnailViewCtrl/DCThumbnailViewCtrl.h; sourceTree = "<group>"; };
		1BE25531163FA65A00F6D002 /* DCThumbnailViewCtrl.m */ = {isa = PBXFileReference; fileEncoding = 4; lastKnownFileType = sourcecode.c.objc; name = DCThumbnailViewCtrl.m; path = ThumbnailViewCtrl/DCThumbnailViewCtrl.m; sourceTree = "<group>"; };
		1BE25532163FA65A00F6D002 /* DCThumbnailViewCtrl.xib */ = {isa = PBXFileReference; fileEncoding = 4; lastKnownFileType = file.xib; name = DCThumbnailViewCtrl.xib; path = ThumbnailViewCtrl/DCThumbnailViewCtrl.xib; sourceTree = "<group>"; };
		1BE25535163FA67600F6D002 /* DCScribbleThumbnailCell.h */ = {isa = PBXFileReference; fileEncoding = 4; lastKnownFileType = sourcecode.c.h; name = DCScribbleThumbnailCell.h; path = ThumbnailViewCtrl/DCScribbleThumbnailCell.h; sourceTree = "<group>"; };
		1BE25536163FA67600F6D002 /* DCScribbleThumbnailCell.m */ = {isa = PBXFileReference; fileEncoding = 4; lastKnownFileType = sourcecode.c.objc; name = DCScribbleThumbnailCell.m; path = ThumbnailViewCtrl/DCScribbleThumbnailCell.m; sourceTree = "<group>"; };
		1BE25538163FA69A00F6D002 /* DCPaletteViewCtrl.h */ = {isa = PBXFileReference; fileEncoding = 4; lastKnownFileType = sourcecode.c.h; name = DCPaletteViewCtrl.h; path = PaletteViewCtrl/DCPaletteViewCtrl.h; sourceTree = "<group>"; };
		1BE25539163FA69A00F6D002 /* DCPaletteViewCtrl.m */ = {isa = PBXFileReference; fileEncoding = 4; lastKnownFileType = sourcecode.c.objc; name = DCPaletteViewCtrl.m; path = PaletteViewCtrl/DCPaletteViewCtrl.m; sourceTree = "<group>"; };
		1BE2553A163FA69A00F6D002 /* DCPaletteViewCtrl.xib */ = {isa = PBXFileReference; fileEncoding = 4; lastKnownFileType = file.xib; name = DCPaletteViewCtrl.xib; path = PaletteViewCtrl/DCPaletteViewCtrl.xib; sourceTree = "<group>"; };
		1BE2553E163FA8AB00F6D002 /* DCCanvasView.h */ = {isa = PBXFileReference; fileEncoding = 4; lastKnownFileType = sourcecode.c.h; name = DCCanvasView.h; path = CanvasView/DCCanvasView.h; sourceTree = "<group>"; };
		1BE2553F163FA8AB00F6D002 /* DCCanvasView.m */ = {isa = PBXFileReference; fileEncoding = 4; lastKnownFileType = sourcecode.c.objc; name = DCCanvasView.m; path = CanvasView/DCCanvasView.m; sourceTree = "<group>"; };
		1BE25540163FA8AB00F6D002 /* DCCanvasViewGenerator.h */ = {isa = PBXFileReference; fileEncoding = 4; lastKnownFileType = sourcecode.c.h; name = DCCanvasViewGenerator.h; path = CanvasView/DCCanvasViewGenerator.h; sourceTree = "<group>"; };
		1BE25541163FA8AB00F6D002 /* DCCanvasViewGenerator.m */ = {isa = PBXFileReference; fileEncoding = 4; lastKnownFileType = sourcecode.c.objc; name = DCCanvasViewGenerator.m; path = CanvasView/DCCanvasViewGenerator.m; sourceTree = "<group>"; };
		1BE25542163FA8AB00F6D002 /* DCClothCanvasView.h */ = {isa = PBXFileReference; fileEncoding = 4; lastKnownFileType = sourcecode.c.h; name = DCClothCanvasView.h; path = CanvasView/DCClothCanvasView.h; sourceTree = "<group>"; };
		1BE25543163FA8AB00F6D002 /* DCClothCanvasView.m */ = {isa = PBXFileReference; fileEncoding = 4; lastKnownFileType = sourcecode.c.objc; name = DCClothCanvasView.m; path = CanvasView/DCClothCanvasView.m; sourceTree = "<group>"; };
		1BE25544163FA8AB00F6D002 /* DCClothCanvasViewGenerator.h */ = {isa = PBXFileReference; fileEncoding = 4; lastKnownFileType = sourcecode.c.h; name = DCClothCanvasViewGenerator.h; path = CanvasView/DCClothCanvasViewGenerator.h; sourceTree = "<group>"; };
		1BE25545163FA8AB00F6D002 /* DCClothCanvasViewGenerator.m */ = {isa = PBXFileReference; fileEncoding = 4; lastKnownFileType = sourcecode.c.objc; name = DCClothCanvasViewGenerator.m; path = CanvasView/DCClothCanvasViewGenerator.m; sourceTree = "<group>"; };
		1BE25546163FA8AB00F6D002 /* DCPaperCanvasView.h */ = {isa = PBXFileReference; fileEncoding = 4; lastKnownFileType = sourcecode.c.h; name = DCPaperCanvasView.h; path = CanvasView/DCPaperCanvasView.h; sourceTree = "<group>"; };
		1BE25547163FA8AB00F6D002 /* DCPaperCanvasView.m */ = {isa = PBXFileReference; fileEncoding = 4; lastKnownFileType = sourcecode.c.objc; name = DCPaperCanvasView.m; path = CanvasView/DCPaperCanvasView.m; sourceTree = "<group>"; };
		1BE25548163FA8AB00F6D002 /* DCPaperCanvasViewGenerator.h */ = {isa = PBXFileReference; fileEncoding = 4; lastKnownFileType = sourcecode.c.h; name = DCPaperCanvasViewGenerator.h; path = CanvasView/DCPaperCanvasViewGenerator.h; sourceTree = "<group>"; };
		1BE25549163FA8AB00F6D002 /* DCPaperCanvasViewGenerator.m */ = {isa = PBXFileReference; fileEncoding = 4; lastKnownFileType = sourcecode.c.objc; name = DCPaperCanvasViewGenerator.m; path = CanvasView/DCPaperCanvasViewGenerator.m; sourceTree = "<group>"; };
/* End PBXFileReference section */

/* Begin PBXFrameworksBuildPhase section */
		1B496C67163E1C0100A4FB80 /* Frameworks */ = {
			isa = PBXFrameworksBuildPhase;
			buildActionMask = 2147483647;
			files = (
				1BE2549E163F6C0B00F6D002 /* QuartzCore.framework in Frameworks */,
				1B496C6F163E1C0200A4FB80 /* UIKit.framework in Frameworks */,
				1B496C71163E1C0200A4FB80 /* Foundation.framework in Frameworks */,
				1B496C73163E1C0200A4FB80 /* CoreGraphics.framework in Frameworks */,
			);
			runOnlyForDeploymentPostprocessing = 0;
		};
/* End PBXFrameworksBuildPhase section */

/* Begin PBXGroup section */
		1B496C5F163E1C0100A4FB80 = {
			isa = PBXGroup;
			children = (
				1B496C74163E1C0200A4FB80 /* CuriousCaptain */,
				1B496C6D163E1C0200A4FB80 /* Frameworks */,
				1B496C6B163E1C0200A4FB80 /* Products */,
			);
			sourceTree = "<group>";
		};
		1B496C6B163E1C0200A4FB80 /* Products */ = {
			isa = PBXGroup;
			children = (
				1B496C6A163E1C0200A4FB80 /* CuriousCaptain.app */,
			);
			name = Products;
			sourceTree = "<group>";
		};
		1B496C6D163E1C0200A4FB80 /* Frameworks */ = {
			isa = PBXGroup;
			children = (
				1BE2549D163F6C0B00F6D002 /* QuartzCore.framework */,
				1B496C6E163E1C0200A4FB80 /* UIKit.framework */,
				1B496C70163E1C0200A4FB80 /* Foundation.framework */,
				1B496C72163E1C0200A4FB80 /* CoreGraphics.framework */,
			);
			name = Frameworks;
			sourceTree = "<group>";
		};
		1B496C74163E1C0200A4FB80 /* CuriousCaptain */ = {
			isa = PBXGroup;
			children = (
				1BE2553D163FA89900F6D002 /* CanvasView */,
				1BE25525163FA5DE00F6D002 /* PaletteViewCtrl */,
				1BE25524163FA5CA00F6D002 /* ThumbnailViewCtrl */,
				1BE25523163FA5BA00F6D002 /* CanvasViewCtrl */,
				1B496C75163E1C0200A4FB80 /* Supporting Files */,
				1B496CBF163E795300A4FB80 /* Utility */,
				1B496CA0163E519E00A4FB80 /* Command */,
				1B496CAF163E5D2500A4FB80 /* Scribble */,
				1B496C7D163E1C0200A4FB80 /* DCAppDelegate.h */,
				1B496C7E163E1C0200A4FB80 /* DCAppDelegate.m */,
				1BE254C8163F81B300F6D002 /* DCCoordinatingCtrl.h */,
				1BE254C9163F81B400F6D002 /* DCCoordinatingCtrl.m */,
			);
			path = CuriousCaptain;
			sourceTree = "<group>";
		};
		1B496C75163E1C0200A4FB80 /* Supporting Files */ = {
			isa = PBXGroup;
			children = (
				1B496C76163E1C0200A4FB80 /* CuriousCaptain-Info.plist */,
				1B496C77163E1C0200A4FB80 /* InfoPlist.strings */,
				1B496C7A163E1C0200A4FB80 /* main.m */,
				1B496C7C163E1C0200A4FB80 /* CuriousCaptain-Prefix.pch */,
				1B496C80163E1C0200A4FB80 /* Default.png */,
				1B496C82163E1C0200A4FB80 /* Default@2x.png */,
				1B496C84163E1C0200A4FB80 /* Default-568h@2x.png */,
			);
			name = "Supporting Files";
			sourceTree = "<group>";
		};
		1B496CA0163E519E00A4FB80 /* Command */ = {
			isa = PBXGroup;
			children = (
				1B496CA2163E521100A4FB80 /* DCCustimizableCommand.h */,
				1B496CA3163E521100A4FB80 /* DCCustimizableCommand.m */,
				1B496CA5163E534B00A4FB80 /* DCSaveScribbleCommand.h */,
				1B496CA6163E534B00A4FB80 /* DCSaveScribbleCommand.m */,
				1B496CA8163E570F00A4FB80 /* DCDeleteScribbleCommand.h */,
				1B496CA9163E570F00A4FB80 /* DCDeleteScribbleCommand.m */,
				1B496CAB163E594900A4FB80 /* DCOpenScribbleCommand.h */,
				1B496CAC163E594900A4FB80 /* DCOpenScribbleCommand.m */,
				1B496CB9163E64AD00A4FB80 /* DCSetStrokeSizeCommand.h */,
				1B496CBA163E64AE00A4FB80 /* DCSetStrokeSizeCommand.m */,
				1B496CBC163E707500A4FB80 /* DCSetStrokeColorCommand.h */,
				1B496CBD163E707500A4FB80 /* DCSetStrokeColorCommand.m */,
			);
			name = Command;
			sourceTree = "<group>";
		};
		1B496CAF163E5D2500A4FB80 /* Scribble */ = {
			isa = PBXGroup;
			children = (
				1BE254F0163FA08300F6D002 /* DCDot.h */,
				1BE254F1163FA08300F6D002 /* DCDot.m */,
				1BE254F2163FA08300F6D002 /* DCMark.h */,
				1BE254F3163FA08300F6D002 /* DCMarkEnumerator.h */,
				1BE254F4163FA08300F6D002 /* DCMarkEnumerator.m */,
				1BE254F5163FA08300F6D002 /* DCMarkEnumerator+Internal.h */,
				1BE254F6163FA08300F6D002 /* DCMarkEnumerator+Internal.m */,
				1BE254F7163FA08300F6D002 /* DCMarkRenderer.h */,
				1BE254F8163FA08300F6D002 /* DCMarkRenderer.m */,
				1BE254F9163FA08300F6D002 /* DCMarkVisitor.h */,
				1BE254FA163FA08300F6D002 /* DCPrototypeCtrl.h */,
				1BE254FB163FA08300F6D002 /* DCPrototypeCtrl.m */,
				1BE254FC163FA08300F6D002 /* DCScribble.h */,
				1BE254FD163FA08300F6D002 /* DCScribble.m */,
				1BE254FE163FA08300F6D002 /* DCScribbleManager.h */,
				1BE254FF163FA08300F6D002 /* DCScribbleManager.m */,
				1BE25500163FA08300F6D002 /* DCScribbleMemento.h */,
				1BE25501163FA08300F6D002 /* DCScribbleMemento.m */,
				1BE25502163FA08300F6D002 /* DCScribbleMemento+Friend.h */,
				1BE25504163FA08300F6D002 /* DCScribbleSrc.h */,
				1BE25505163FA08300F6D002 /* DCScribbleThumbnailView.h */,
				1BE25506163FA08300F6D002 /* DCScribbleThumbnailView.m */,
				1BE25507163FA08300F6D002 /* DCScribbleThumbnailViewImageProxy.h */,
				1BE25508163FA08300F6D002 /* DCScribbleThumbnailViewImageProxy.m */,
				1BE25509163FA08300F6D002 /* DCStroke.h */,
				1BE2550A163FA08300F6D002 /* DCStroke.m */,
				1BE2550B163FA08300F6D002 /* DCVertex.h */,
				1BE2550C163FA08300F6D002 /* DCVertex.m */,
			);
			name = Scribble;
			sourceTree = "<group>";
		};
		1B496CBF163E795300A4FB80 /* Utility */ = {
			isa = PBXGroup;
			children = (
				1B496CC0163E797700A4FB80 /* DCCommandBarButton.h */,
				1B496CC1163E797700A4FB80 /* DCCommandBarButton.m */,
				1B496CC3163E821900A4FB80 /* DCCommandSlider.h */,
				1B496CC4163E821900A4FB80 /* DCCommandSlider.m */,
				1BE25496163F676800F6D002 /* NSMutableArray+Stack.h */,
				1BE25497163F676800F6D002 /* NSMutableArray+Stack.m */,
				1BE2549A163F6AC100F6D002 /* UIView+UIImage.h */,
				1BE2549B163F6AC100F6D002 /* UIView+UIImage.m */,
			);
			name = Utility;
			sourceTree = "<group>";
		};
		1BE25523163FA5BA00F6D002 /* CanvasViewCtrl */ = {
			isa = PBXGroup;
			children = (
				1BE2552B163FA63500F6D002 /* DCCanvasViewCtrl.h */,
				1BE2552C163FA63500F6D002 /* DCCanvasViewCtrl.m */,
				1BE2552D163FA63500F6D002 /* DCCanvasViewCtrl.xib */,
			);
			name = CanvasViewCtrl;
			sourceTree = "<group>";
		};
		1BE25524163FA5CA00F6D002 /* ThumbnailViewCtrl */ = {
			isa = PBXGroup;
			children = (
				1BE25530163FA65A00F6D002 /* DCThumbnailViewCtrl.h */,
				1BE25531163FA65A00F6D002 /* DCThumbnailViewCtrl.m */,
				1BE25532163FA65A00F6D002 /* DCThumbnailViewCtrl.xib */,
				1BE25535163FA67600F6D002 /* DCScribbleThumbnailCell.h */,
				1BE25536163FA67600F6D002 /* DCScribbleThumbnailCell.m */,
			);
			name = ThumbnailViewCtrl;
			sourceTree = "<group>";
		};
		1BE25525163FA5DE00F6D002 /* PaletteViewCtrl */ = {
			isa = PBXGroup;
			children = (
				1BE25538163FA69A00F6D002 /* DCPaletteViewCtrl.h */,
				1BE25539163FA69A00F6D002 /* DCPaletteViewCtrl.m */,
				1BE2553A163FA69A00F6D002 /* DCPaletteViewCtrl.xib */,
			);
			name = PaletteViewCtrl;
			sourceTree = "<group>";
		};
		1BE2553D163FA89900F6D002 /* CanvasView */ = {
			isa = PBXGroup;
			children = (
				1BE2553E163FA8AB00F6D002 /* DCCanvasView.h */,
				1BE2553F163FA8AB00F6D002 /* DCCanvasView.m */,
				1BE25540163FA8AB00F6D002 /* DCCanvasViewGenerator.h */,
				1BE25541163FA8AB00F6D002 /* DCCanvasViewGenerator.m */,
				1BE25542163FA8AB00F6D002 /* DCClothCanvasView.h */,
				1BE25543163FA8AB00F6D002 /* DCClothCanvasView.m */,
				1BE25544163FA8AB00F6D002 /* DCClothCanvasViewGenerator.h */,
				1BE25545163FA8AB00F6D002 /* DCClothCanvasViewGenerator.m */,
				1BE25546163FA8AB00F6D002 /* DCPaperCanvasView.h */,
				1BE25547163FA8AB00F6D002 /* DCPaperCanvasView.m */,
				1BE25548163FA8AB00F6D002 /* DCPaperCanvasViewGenerator.h */,
				1BE25549163FA8AB00F6D002 /* DCPaperCanvasViewGenerator.m */,
			);
			name = CanvasView;
			sourceTree = "<group>";
		};
/* End PBXGroup section */

/* Begin PBXNativeTarget section */
		1B496C69163E1C0100A4FB80 /* CuriousCaptain */ = {
			isa = PBXNativeTarget;
			buildConfigurationList = 1B496C91163E1C0200A4FB80 /* Build configuration list for PBXNativeTarget "CuriousCaptain" */;
			buildPhases = (
				1B496C66163E1C0100A4FB80 /* Sources */,
				1B496C67163E1C0100A4FB80 /* Frameworks */,
				1B496C68163E1C0100A4FB80 /* Resources */,
			);
			buildRules = (
			);
			dependencies = (
			);
			name = CuriousCaptain;
			productName = CuriousCaptain;
			productReference = 1B496C6A163E1C0200A4FB80 /* CuriousCaptain.app */;
			productType = "com.apple.product-type.application";
		};
/* End PBXNativeTarget section */

/* Begin PBXProject section */
		1B496C61163E1C0100A4FB80 /* Project object */ = {
			isa = PBXProject;
			attributes = {
				CLASSPREFIX = DC;
				LastUpgradeCheck = 0450;
				ORGANIZATIONNAME = "Chen XiaoLiang";
			};
			buildConfigurationList = 1B496C64163E1C0100A4FB80 /* Build configuration list for PBXProject "CuriousCaptain" */;
			compatibilityVersion = "Xcode 3.2";
			developmentRegion = English;
			hasScannedForEncodings = 0;
			knownRegions = (
				en,
			);
			mainGroup = 1B496C5F163E1C0100A4FB80;
			productRefGroup = 1B496C6B163E1C0200A4FB80 /* Products */;
			projectDirPath = "";
			projectRoot = "";
			targets = (
				1B496C69163E1C0100A4FB80 /* CuriousCaptain */,
			);
		};
/* End PBXProject section */

/* Begin PBXResourcesBuildPhase section */
		1B496C68163E1C0100A4FB80 /* Resources */ = {
			isa = PBXResourcesBuildPhase;
			buildActionMask = 2147483647;
			files = (
				1B496C79163E1C0200A4FB80 /* InfoPlist.strings in Resources */,
				1B496C81163E1C0200A4FB80 /* Default.png in Resources */,
				1B496C83163E1C0200A4FB80 /* Default@2x.png in Resources */,
				1B496C85163E1C0200A4FB80 /* Default-568h@2x.png in Resources */,
				1BE2552F163FA63500F6D002 /* DCCanvasViewCtrl.xib in Resources */,
				1BE25534163FA65A00F6D002 /* DCThumbnailViewCtrl.xib in Resources */,
				1BE2553C163FA69A00F6D002 /* DCPaletteViewCtrl.xib in Resources */,
			);
			runOnlyForDeploymentPostprocessing = 0;
		};
/* End PBXResourcesBuildPhase section */

/* Begin PBXSourcesBuildPhase section */
		1B496C66163E1C0100A4FB80 /* Sources */ = {
			isa = PBXSourcesBuildPhase;
			buildActionMask = 2147483647;
			files = (
				1B496C7B163E1C0200A4FB80 /* main.m in Sources */,
				1B496C7F163E1C0200A4FB80 /* DCAppDelegate.m in Sources */,
				1B496CA4163E521100A4FB80 /* DCCustimizableCommand.m in Sources */,
				1B496CA7163E534B00A4FB80 /* DCSaveScribbleCommand.m in Sources */,
				1B496CAA163E570F00A4FB80 /* DCDeleteScribbleCommand.m in Sources */,
				1B496CAD163E594900A4FB80 /* DCOpenScribbleCommand.m in Sources */,
				1B496CBB163E64AE00A4FB80 /* DCSetStrokeSizeCommand.m in Sources */,
				1B496CBE163E707600A4FB80 /* DCSetStrokeColorCommand.m in Sources */,
				1B496CC2163E797700A4FB80 /* DCCommandBarButton.m in Sources */,
				1B496CC5163E821900A4FB80 /* DCCommandSlider.m in Sources */,
				1BE25498163F676800F6D002 /* NSMutableArray+Stack.m in Sources */,
				1BE2549C163F6AC100F6D002 /* UIView+UIImage.m in Sources */,
				1BE254CA163F81B500F6D002 /* DCCoordinatingCtrl.m in Sources */,
				1BE2550D163FA08300F6D002 /* DCDot.m in Sources */,
				1BE2550E163FA08300F6D002 /* DCMarkEnumerator.m in Sources */,
				1BE2550F163FA08300F6D002 /* DCMarkEnumerator+Internal.m in Sources */,
				1BE25510163FA08300F6D002 /* DCMarkRenderer.m in Sources */,
				1BE25511163FA08300F6D002 /* DCPrototypeCtrl.m in Sources */,
				1BE25512163FA08300F6D002 /* DCScribble.m in Sources */,
				1BE25513163FA08300F6D002 /* DCScribbleManager.m in Sources */,
				1BE25514163FA08300F6D002 /* DCScribbleMemento.m in Sources */,
				1BE25516163FA08300F6D002 /* DCScribbleThumbnailView.m in Sources */,
				1BE25517163FA08300F6D002 /* DCScribbleThumbnailViewImageProxy.m in Sources */,
				1BE25518163FA08300F6D002 /* DCStroke.m in Sources */,
				1BE25519163FA08300F6D002 /* DCVertex.m in Sources */,
				1BE2552E163FA63500F6D002 /* DCCanvasViewCtrl.m in Sources */,
				1BE25533163FA65A00F6D002 /* DCThumbnailViewCtrl.m in Sources */,
				1BE25537163FA67600F6D002 /* DCScribbleThumbnailCell.m in Sources */,
				1BE2553B163FA69A00F6D002 /* DCPaletteViewCtrl.m in Sources */,
				1BE2554A163FA8AB00F6D002 /* DCCanvasView.m in Sources */,
				1BE2554B163FA8AB00F6D002 /* DCCanvasViewGenerator.m in Sources */,
				1BE2554C163FA8AB00F6D002 /* DCClothCanvasView.m in Sources */,
				1BE2554D163FA8AB00F6D002 /* DCClothCanvasViewGenerator.m in Sources */,
				1BE2554E163FA8AB00F6D002 /* DCPaperCanvasView.m in Sources */,
				1BE2554F163FA8AB00F6D002 /* DCPaperCanvasViewGenerator.m in Sources */,
			);
			runOnlyForDeploymentPostprocessing = 0;
		};
/* End PBXSourcesBuildPhase section */

/* Begin PBXVariantGroup section */
		1B496C77163E1C0200A4FB80 /* InfoPlist.strings */ = {
			isa = PBXVariantGroup;
			children = (
				1B496C78163E1C0200A4FB80 /* en */,
			);
			name = InfoPlist.strings;
			sourceTree = "<group>";
		};
/* End PBXVariantGroup section */

/* Begin XCBuildConfiguration section */
		1B496C8F163E1C0200A4FB80 /* Debug */ = {
			isa = XCBuildConfiguration;
			buildSettings = {
				ALWAYS_SEARCH_USER_PATHS = NO;
				CLANG_CXX_LANGUAGE_STANDARD = "gnu++0x";
				CLANG_CXX_LIBRARY = "libc++";
				CLANG_WARN_EMPTY_BODY = YES;
				CLANG_WARN__DUPLICATE_METHOD_MATCH = YES;
				"CODE_SIGN_IDENTITY[sdk=iphoneos*]" = "iPhone Developer";
				COPY_PHASE_STRIP = NO;
				GCC_C_LANGUAGE_STANDARD = gnu99;
				GCC_DYNAMIC_NO_PIC = NO;
				GCC_OPTIMIZATION_LEVEL = 0;
				GCC_PREPROCESSOR_DEFINITIONS = (
					"DEBUG=1",
					"$(inherited)",
				);
				GCC_SYMBOLS_PRIVATE_EXTERN = NO;
				GCC_WARN_ABOUT_RETURN_TYPE = YES;
				GCC_WARN_UNINITIALIZED_AUTOS = YES;
				GCC_WARN_UNUSED_VARIABLE = YES;
				IPHONEOS_DEPLOYMENT_TARGET = 6.0;
				ONLY_ACTIVE_ARCH = YES;
				SDKROOT = iphoneos;
				TARGETED_DEVICE_FAMILY = "1,2";
			};
			name = Debug;
		};
		1B496C90163E1C0200A4FB80 /* Release */ = {
			isa = XCBuildConfiguration;
			buildSettings = {
				ALWAYS_SEARCH_USER_PATHS = NO;
				CLANG_CXX_LANGUAGE_STANDARD = "gnu++0x";
				CLANG_CXX_LIBRARY = "libc++";
				CLANG_WARN_EMPTY_BODY = YES;
				CLANG_WARN__DUPLICATE_METHOD_MATCH = YES;
				"CODE_SIGN_IDENTITY[sdk=iphoneos*]" = "iPhone Developer";
				COPY_PHASE_STRIP = YES;
				GCC_C_LANGUAGE_STANDARD = gnu99;
				GCC_WARN_ABOUT_RETURN_TYPE = YES;
				GCC_WARN_UNINITIALIZED_AUTOS = YES;
				GCC_WARN_UNUSED_VARIABLE = YES;
				IPHONEOS_DEPLOYMENT_TARGET = 6.0;
				OTHER_CFLAGS = "-DNS_BLOCK_ASSERTIONS=1";
				SDKROOT = iphoneos;
				TARGETED_DEVICE_FAMILY = "1,2";
				VALIDATE_PRODUCT = YES;
			};
			name = Release;
		};
		1B496C92163E1C0200A4FB80 /* Debug */ = {
			isa = XCBuildConfiguration;
			buildSettings = {
				GCC_PRECOMPILE_PREFIX_HEADER = YES;
				GCC_PREFIX_HEADER = "CuriousCaptain/CuriousCaptain-Prefix.pch";
				INFOPLIST_FILE = "CuriousCaptain/CuriousCaptain-Info.plist";
				PRODUCT_NAME = "$(TARGET_NAME)";
				WRAPPER_EXTENSION = app;
			};
			name = Debug;
		};
		1B496C93163E1C0200A4FB80 /* Release */ = {
			isa = XCBuildConfiguration;
			buildSettings = {
				GCC_PRECOMPILE_PREFIX_HEADER = YES;
				GCC_PREFIX_HEADER = "CuriousCaptain/CuriousCaptain-Prefix.pch";
				INFOPLIST_FILE = "CuriousCaptain/CuriousCaptain-Info.plist";
				PRODUCT_NAME = "$(TARGET_NAME)";
				WRAPPER_EXTENSION = app;
			};
			name = Release;
		};
/* End XCBuildConfiguration section */

/* Begin XCConfigurationList section */
		1B496C64163E1C0100A4FB80 /* Build configuration list for PBXProject "CuriousCaptain" */ = {
			isa = XCConfigurationList;
			buildConfigurations = (
				1B496C8F163E1C0200A4FB80 /* Debug */,
				1B496C90163E1C0200A4FB80 /* Release */,
			);
			defaultConfigurationIsVisible = 0;
			defaultConfigurationName = Release;
		};
		1B496C91163E1C0200A4FB80 /* Build configuration list for PBXNativeTarget "CuriousCaptain" */ = {
			isa = XCConfigurationList;
			buildConfigurations = (
				1B496C92163E1C0200A4FB80 /* Debug */,
				1B496C93163E1C0200A4FB80 /* Release */,
			);
			defaultConfigurationIsVisible = 0;
			defaultConfigurationName = Release;
		};
/* End XCConfigurationList section */
	};
	rootObject = 1B496C61163E1C0100A4FB80 /* Project object */;
}
