// !$*UTF8*$!
{
	archiveVersion = 1;
	classes = {
	};
	objectVersion = 46;
	objects = {

/* Begin PBXBuildFile section */
		1B496C6F163E1C0200A4FB80 /* UIKit.framework in Frameworks */ = {isa = PBXBuildFile; fileRef = 1B496C6E163E1C0200A4FB80 /* UIKit.framework */; };
		1B496C71163E1C0200A4FB80 /* Foundation.framework in Frameworks */ = {isa = PBXBuildFile; fileRef = 1B496C70163E1C0200A4FB80 /* Foundation.framework */; };
		1B496C73163E1C0200A4FB80 /* CoreGraphics.framework in Frameworks */ = {isa = PBXBuildFile; fileRef = 1B496C72163E1C0200A4FB80 /* CoreGraphics.framework */; };
		1B496C79163E1C0200A4FB80 /* InfoPlist.strings in Resources */ = {isa = PBXBuildFile; fileRef = 1B496C77163E1C0200A4FB80 /* InfoPlist.strings */; };
		1B496C7B163E1C0200A4FB80 /* main.m in Sources */ = {isa = PBXBuildFile; fileRef = 1B496C7A163E1C0200A4FB80 /* main.m */; };
		1B496C7F163E1C0200A4FB80 /* DCAppDelegate.m in Sources */ = {isa = PBXBuildFile; fileRef = 1B496C7E163E1C0200A4FB80 /* DCAppDelegate.m */; };
		1B496C81163E1C0200A4FB80 /* Default.png in Resources */ = {isa = PBXBuildFile; fileRef = 1B496C80163E1C0200A4FB80 /* Default.png */; };
		1B496C83163E1C0200A4FB80 /* Default@2x.png in Resources */ = {isa = PBXBuildFile; fileRef = 1B496C82163E1C0200A4FB80 /* Default@2x.png */; };
		1B496C85163E1C0200A4FB80 /* Default-568h@2x.png in Resources */ = {isa = PBXBuildFile; fileRef = 1B496C84163E1C0200A4FB80 /* Default-568h@2x.png */; };
		1B496C88163E1C0200A4FB80 /* DCViewController.m in Sources */ = {isa = PBXBuildFile; fileRef = 1B496C87163E1C0200A4FB80 /* DCViewController.m */; };
		1B496C8B163E1C0200A4FB80 /* DCViewController_iPhone.xib in Resources */ = {isa = PBXBuildFile; fileRef = 1B496C89163E1C0200A4FB80 /* DCViewController_iPhone.xib */; };
		1B496C8E163E1C0200A4FB80 /* DCViewController_iPad.xib in Resources */ = {isa = PBXBuildFile; fileRef = 1B496C8C163E1C0200A4FB80 /* DCViewController_iPad.xib */; };
		1B496CA4163E521100A4FB80 /* DCCustimizableCommand.m in Sources */ = {isa = PBXBuildFile; fileRef = 1B496CA3163E521100A4FB80 /* DCCustimizableCommand.m */; };
		1B496CA7163E534B00A4FB80 /* DCSaveScribbleCommand.m in Sources */ = {isa = PBXBuildFile; fileRef = 1B496CA6163E534B00A4FB80 /* DCSaveScribbleCommand.m */; };
		1B496CAA163E570F00A4FB80 /* DCDeleteScribbleCommand.m in Sources */ = {isa = PBXBuildFile; fileRef = 1B496CA9163E570F00A4FB80 /* DCDeleteScribbleCommand.m */; };
		1B496CAD163E594900A4FB80 /* DCOpenScribbleCommand.m in Sources */ = {isa = PBXBuildFile; fileRef = 1B496CAC163E594900A4FB80 /* DCOpenScribbleCommand.m */; };
		1B496CBB163E64AE00A4FB80 /* DCSetStrokeSizeCommand.m in Sources */ = {isa = PBXBuildFile; fileRef = 1B496CBA163E64AE00A4FB80 /* DCSetStrokeSizeCommand.m */; };
		1B496CBE163E707600A4FB80 /* DCSetStrokeColorCommand.m in Sources */ = {isa = PBXBuildFile; fileRef = 1B496CBD163E707500A4FB80 /* DCSetStrokeColorCommand.m */; };
		1B496CC2163E797700A4FB80 /* DCCommandBarButton.m in Sources */ = {isa = PBXBuildFile; fileRef = 1B496CC1163E797700A4FB80 /* DCCommandBarButton.m */; };
		1B496CC5163E821900A4FB80 /* DCCommandSlider.m in Sources */ = {isa = PBXBuildFile; fileRef = 1B496CC4163E821900A4FB80 /* DCCommandSlider.m */; };
		1BE25498163F676800F6D002 /* NSMutableArray+Stack.m in Sources */ = {isa = PBXBuildFile; fileRef = 1BE25497163F676800F6D002 /* NSMutableArray+Stack.m */; };
		1BE2549C163F6AC100F6D002 /* UIView+UIImage.m in Sources */ = {isa = PBXBuildFile; fileRef = 1BE2549B163F6AC100F6D002 /* UIView+UIImage.m */; };
		1BE2549E163F6C0B00F6D002 /* QuartzCore.framework in Frameworks */ = {isa = PBXBuildFile; fileRef = 1BE2549D163F6C0B00F6D002 /* QuartzCore.framework */; };
		1BE254A4163F7A5B00F6D002 /* DCCanvasViewGenerator.m in Sources */ = {isa = PBXBuildFile; fileRef = 1BE254A3163F7A5B00F6D002 /* DCCanvasViewGenerator.m */; };
		1BE254A7163F7A8600F6D002 /* DCPaperCanvasViewGenerator.m in Sources */ = {isa = PBXBuildFile; fileRef = 1BE254A6163F7A8600F6D002 /* DCPaperCanvasViewGenerator.m */; };
		1BE254AA163F7A9800F6D002 /* DCClothCanvasViewGenerator.m in Sources */ = {isa = PBXBuildFile; fileRef = 1BE254A9163F7A9700F6D002 /* DCClothCanvasViewGenerator.m */; };
/* End PBXBuildFile section */

/* Begin PBXFileReference section */
		1B496C6A163E1C0200A4FB80 /* CuriousCaptain.app */ = {isa = PBXFileReference; explicitFileType = wrapper.application; includeInIndex = 0; path = CuriousCaptain.app; sourceTree = BUILT_PRODUCTS_DIR; };
		1B496C6E163E1C0200A4FB80 /* UIKit.framework */ = {isa = PBXFileReference; lastKnownFileType = wrapper.framework; name = UIKit.framework; path = System/Library/Frameworks/UIKit.framework; sourceTree = SDKROOT; };
		1B496C70163E1C0200A4FB80 /* Foundation.framework */ = {isa = PBXFileReference; lastKnownFileType = wrapper.framework; name = Foundation.framework; path = System/Library/Frameworks/Foundation.framework; sourceTree = SDKROOT; };
		1B496C72163E1C0200A4FB80 /* CoreGraphics.framework */ = {isa = PBXFileReference; lastKnownFileType = wrapper.framework; name = CoreGraphics.framework; path = System/Library/Frameworks/CoreGraphics.framework; sourceTree = SDKROOT; };
		1B496C76163E1C0200A4FB80 /* CuriousCaptain-Info.plist */ = {isa = PBXFileReference; lastKnownFileType = text.plist.xml; path = "CuriousCaptain-Info.plist"; sourceTree = "<group>"; };
		1B496C78163E1C0200A4FB80 /* en */ = {isa = PBXFileReference; lastKnownFileType = text.plist.strings; name = en; path = en.lproj/InfoPlist.strings; sourceTree = "<group>"; };
		1B496C7A163E1C0200A4FB80 /* main.m */ = {isa = PBXFileReference; lastKnownFileType = sourcecode.c.objc; path = main.m; sourceTree = "<group>"; };
		1B496C7C163E1C0200A4FB80 /* CuriousCaptain-Prefix.pch */ = {isa = PBXFileReference; lastKnownFileType = sourcecode.c.h; path = "CuriousCaptain-Prefix.pch"; sourceTree = "<group>"; };
		1B496C7D163E1C0200A4FB80 /* DCAppDelegate.h */ = {isa = PBXFileReference; lastKnownFileType = sourcecode.c.h; path = DCAppDelegate.h; sourceTree = "<group>"; };
		1B496C7E163E1C0200A4FB80 /* DCAppDelegate.m */ = {isa = PBXFileReference; lastKnownFileType = sourcecode.c.objc; path = DCAppDelegate.m; sourceTree = "<group>"; };
		1B496C80163E1C0200A4FB80 /* Default.png */ = {isa = PBXFileReference; lastKnownFileType = image.png; path = Default.png; sourceTree = "<group>"; };
		1B496C82163E1C0200A4FB80 /* Default@2x.png */ = {isa = PBXFileReference; lastKnownFileType = image.png; path = "Default@2x.png"; sourceTree = "<group>"; };
		1B496C84163E1C0200A4FB80 /* Default-568h@2x.png */ = {isa = PBXFileReference; lastKnownFileType = image.png; path = "Default-568h@2x.png"; sourceTree = "<group>"; };
		1B496C86163E1C0200A4FB80 /* DCViewController.h */ = {isa = PBXFileReference; lastKnownFileType = sourcecode.c.h; path = DCViewController.h; sourceTree = "<group>"; };
		1B496C87163E1C0200A4FB80 /* DCViewController.m */ = {isa = PBXFileReference; lastKnownFileType = sourcecode.c.objc; path = DCViewController.m; sourceTree = "<group>"; };
		1B496C8A163E1C0200A4FB80 /* en */ = {isa = PBXFileReference; lastKnownFileType = file.xib; name = en; path = en.lproj/DCViewController_iPhone.xib; sourceTree = "<group>"; };
		1B496C8D163E1C0200A4FB80 /* en */ = {isa = PBXFileReference; lastKnownFileType = file.xib; name = en; path = en.lproj/DCViewController_iPad.xib; sourceTree = "<group>"; };
		1B496CA2163E521100A4FB80 /* DCCustimizableCommand.h */ = {isa = PBXFileReference; fileEncoding = 4; lastKnownFileType = sourcecode.c.h; name = DCCustimizableCommand.h; path = Command/DCCustimizableCommand.h; sourceTree = "<group>"; };
		1B496CA3163E521100A4FB80 /* DCCustimizableCommand.m */ = {isa = PBXFileReference; fileEncoding = 4; lastKnownFileType = sourcecode.c.objc; name = DCCustimizableCommand.m; path = Command/DCCustimizableCommand.m; sourceTree = "<group>"; };
		1B496CA5163E534B00A4FB80 /* DCSaveScribbleCommand.h */ = {isa = PBXFileReference; fileEncoding = 4; lastKnownFileType = sourcecode.c.h; name = DCSaveScribbleCommand.h; path = Command/DCSaveScribbleCommand.h; sourceTree = "<group>"; };
		1B496CA6163E534B00A4FB80 /* DCSaveScribbleCommand.m */ = {isa = PBXFileReference; fileEncoding = 4; lastKnownFileType = sourcecode.c.objc; name = DCSaveScribbleCommand.m; path = Command/DCSaveScribbleCommand.m; sourceTree = "<group>"; };
		1B496CA8163E570F00A4FB80 /* DCDeleteScribbleCommand.h */ = {isa = PBXFileReference; fileEncoding = 4; lastKnownFileType = sourcecode.c.h; name = DCDeleteScribbleCommand.h; path = Command/DCDeleteScribbleCommand.h; sourceTree = "<group>"; };
		1B496CA9163E570F00A4FB80 /* DCDeleteScribbleCommand.m */ = {isa = PBXFileReference; fileEncoding = 4; lastKnownFileType = sourcecode.c.objc; name = DCDeleteScribbleCommand.m; path = Command/DCDeleteScribbleCommand.m; sourceTree = "<group>"; };
		1B496CAB163E594900A4FB80 /* DCOpenScribbleCommand.h */ = {isa = PBXFileReference; fileEncoding = 4; lastKnownFileType = sourcecode.c.h; name = DCOpenScribbleCommand.h; path = Command/DCOpenScribbleCommand.h; sourceTree = "<group>"; };
		1B496CAC163E594900A4FB80 /* DCOpenScribbleCommand.m */ = {isa = PBXFileReference; fileEncoding = 4; lastKnownFileType = sourcecode.c.objc; name = DCOpenScribbleCommand.m; path = Command/DCOpenScribbleCommand.m; sourceTree = "<group>"; };
		1B496CB9163E64AD00A4FB80 /* DCSetStrokeSizeCommand.h */ = {isa = PBXFileReference; fileEncoding = 4; lastKnownFileType = sourcecode.c.h; name = DCSetStrokeSizeCommand.h; path = Command/DCSetStrokeSizeCommand.h; sourceTree = "<group>"; };
		1B496CBA163E64AE00A4FB80 /* DCSetStrokeSizeCommand.m */ = {isa = PBXFileReference; fileEncoding = 4; lastKnownFileType = sourcecode.c.objc; name = DCSetStrokeSizeCommand.m; path = Command/DCSetStrokeSizeCommand.m; sourceTree = "<group>"; };
		1B496CBC163E707500A4FB80 /* DCSetStrokeColorCommand.h */ = {isa = PBXFileReference; fileEncoding = 4; lastKnownFileType = sourcecode.c.h; name = DCSetStrokeColorCommand.h; path = Command/DCSetStrokeColorCommand.h; sourceTree = "<group>"; };
		1B496CBD163E707500A4FB80 /* DCSetStrokeColorCommand.m */ = {isa = PBXFileReference; fileEncoding = 4; lastKnownFileType = sourcecode.c.objc; name = DCSetStrokeColorCommand.m; path = Command/DCSetStrokeColorCommand.m; sourceTree = "<group>"; };
		1B496CC0163E797700A4FB80 /* DCCommandBarButton.h */ = {isa = PBXFileReference; fileEncoding = 4; lastKnownFileType = sourcecode.c.h; name = DCCommandBarButton.h; path = Utility/DCCommandBarButton.h; sourceTree = "<group>"; };
		1B496CC1163E797700A4FB80 /* DCCommandBarButton.m */ = {isa = PBXFileReference; fileEncoding = 4; lastKnownFileType = sourcecode.c.objc; name = DCCommandBarButton.m; path = Utility/DCCommandBarButton.m; sourceTree = "<group>"; };
		1B496CC3163E821900A4FB80 /* DCCommandSlider.h */ = {isa = PBXFileReference; fileEncoding = 4; lastKnownFileType = sourcecode.c.h; name = DCCommandSlider.h; path = Utility/DCCommandSlider.h; sourceTree = "<group>"; };
		1B496CC4163E821900A4FB80 /* DCCommandSlider.m */ = {isa = PBXFileReference; fileEncoding = 4; lastKnownFileType = sourcecode.c.objc; name = DCCommandSlider.m; path = Utility/DCCommandSlider.m; sourceTree = "<group>"; };
		1BE25496163F676800F6D002 /* NSMutableArray+Stack.h */ = {isa = PBXFileReference; fileEncoding = 4; lastKnownFileType = sourcecode.c.h; name = "NSMutableArray+Stack.h"; path = "Utility/NSMutableArray+Stack.h"; sourceTree = "<group>"; };
		1BE25497163F676800F6D002 /* NSMutableArray+Stack.m */ = {isa = PBXFileReference; fileEncoding = 4; lastKnownFileType = sourcecode.c.objc; name = "NSMutableArray+Stack.m"; path = "Utility/NSMutableArray+Stack.m"; sourceTree = "<group>"; };
		1BE2549A163F6AC100F6D002 /* UIView+UIImage.h */ = {isa = PBXFileReference; fileEncoding = 4; lastKnownFileType = sourcecode.c.h; name = "UIView+UIImage.h"; path = "Utility/UIView+UIImage.h"; sourceTree = "<group>"; };
		1BE2549B163F6AC100F6D002 /* UIView+UIImage.m */ = {isa = PBXFileReference; fileEncoding = 4; lastKnownFileType = sourcecode.c.objc; name = "UIView+UIImage.m"; path = "Utility/UIView+UIImage.m"; sourceTree = "<group>"; };
		1BE2549D163F6C0B00F6D002 /* QuartzCore.framework */ = {isa = PBXFileReference; lastKnownFileType = wrapper.framework; name = QuartzCore.framework; path = System/Library/Frameworks/QuartzCore.framework; sourceTree = SDKROOT; };
		1BE254A2163F7A5B00F6D002 /* DCCanvasViewGenerator.h */ = {isa = PBXFileReference; fileEncoding = 4; lastKnownFileType = sourcecode.c.h; path = DCCanvasViewGenerator.h; sourceTree = "<group>"; };
		1BE254A3163F7A5B00F6D002 /* DCCanvasViewGenerator.m */ = {isa = PBXFileReference; fileEncoding = 4; lastKnownFileType = sourcecode.c.objc; path = DCCanvasViewGenerator.m; sourceTree = "<group>"; };
		1BE254A5163F7A8600F6D002 /* DCPaperCanvasViewGenerator.h */ = {isa = PBXFileReference; fileEncoding = 4; lastKnownFileType = sourcecode.c.h; path = DCPaperCanvasViewGenerator.h; sourceTree = "<group>"; };
		1BE254A6163F7A8600F6D002 /* DCPaperCanvasViewGenerator.m */ = {isa = PBXFileReference; fileEncoding = 4; lastKnownFileType = sourcecode.c.objc; path = DCPaperCanvasViewGenerator.m; sourceTree = "<group>"; };
		1BE254A8163F7A9700F6D002 /* DCClothCanvasViewGenerator.h */ = {isa = PBXFileReference; fileEncoding = 4; lastKnownFileType = sourcecode.c.h; path = DCClothCanvasViewGenerator.h; sourceTree = "<group>"; };
		1BE254A9163F7A9700F6D002 /* DCClothCanvasViewGenerator.m */ = {isa = PBXFileReference; fileEncoding = 4; lastKnownFileType = sourcecode.c.objc; path = DCClothCanvasViewGenerator.m; sourceTree = "<group>"; };
/* End PBXFileReference section */

/* Begin PBXFrameworksBuildPhase section */
		1B496C67163E1C0100A4FB80 /* Frameworks */ = {
			isa = PBXFrameworksBuildPhase;
			buildActionMask = 2147483647;
			files = (
				1BE2549E163F6C0B00F6D002 /* QuartzCore.framework in Frameworks */,
				1B496C6F163E1C0200A4FB80 /* UIKit.framework in Frameworks */,
				1B496C71163E1C0200A4FB80 /* Foundation.framework in Frameworks */,
				1B496C73163E1C0200A4FB80 /* CoreGraphics.framework in Frameworks */,
			);
			runOnlyForDeploymentPostprocessing = 0;
		};
/* End PBXFrameworksBuildPhase section */

/* Begin PBXGroup section */
		1B496C5F163E1C0100A4FB80 = {
			isa = PBXGroup;
			children = (
				1B496C74163E1C0200A4FB80 /* CuriousCaptain */,
				1B496C6D163E1C0200A4FB80 /* Frameworks */,
				1B496C6B163E1C0200A4FB80 /* Products */,
			);
			sourceTree = "<group>";
		};
		1B496C6B163E1C0200A4FB80 /* Products */ = {
			isa = PBXGroup;
			children = (
				1B496C6A163E1C0200A4FB80 /* CuriousCaptain.app */,
			);
			name = Products;
			sourceTree = "<group>";
		};
		1B496C6D163E1C0200A4FB80 /* Frameworks */ = {
			isa = PBXGroup;
			children = (
				1BE2549D163F6C0B00F6D002 /* QuartzCore.framework */,
				1B496C6E163E1C0200A4FB80 /* UIKit.framework */,
				1B496C70163E1C0200A4FB80 /* Foundation.framework */,
				1B496C72163E1C0200A4FB80 /* CoreGraphics.framework */,
			);
			name = Frameworks;
			sourceTree = "<group>";
		};
		1B496C74163E1C0200A4FB80 /* CuriousCaptain */ = {
			isa = PBXGroup;
			children = (
				1B496C75163E1C0200A4FB80 /* Supporting Files */,
				1B496CBF163E795300A4FB80 /* Utility */,
				1B496CA0163E519E00A4FB80 /* Command */,
				1B496CAF163E5D2500A4FB80 /* Scribble */,
				1B496C7D163E1C0200A4FB80 /* DCAppDelegate.h */,
				1B496C7E163E1C0200A4FB80 /* DCAppDelegate.m */,
				1B496C86163E1C0200A4FB80 /* DCViewController.h */,
				1B496C87163E1C0200A4FB80 /* DCViewController.m */,
				1B496C89163E1C0200A4FB80 /* DCViewController_iPhone.xib */,
				1B496C8C163E1C0200A4FB80 /* DCViewController_iPad.xib */,
				1BE254A2163F7A5B00F6D002 /* DCCanvasViewGenerator.h */,
				1BE254A3163F7A5B00F6D002 /* DCCanvasViewGenerator.m */,
				1BE254A5163F7A8600F6D002 /* DCPaperCanvasViewGenerator.h */,
				1BE254A6163F7A8600F6D002 /* DCPaperCanvasViewGenerator.m */,
				1BE254A8163F7A9700F6D002 /* DCClothCanvasViewGenerator.h */,
				1BE254A9163F7A9700F6D002 /* DCClothCanvasViewGenerator.m */,
			);
			path = CuriousCaptain;
			sourceTree = "<group>";
		};
		1B496C75163E1C0200A4FB80 /* Supporting Files */ = {
			isa = PBXGroup;
			children = (
				1B496C76163E1C0200A4FB80 /* CuriousCaptain-Info.plist */,
				1B496C77163E1C0200A4FB80 /* InfoPlist.strings */,
				1B496C7A163E1C0200A4FB80 /* main.m */,
				1B496C7C163E1C0200A4FB80 /* CuriousCaptain-Prefix.pch */,
				1B496C80163E1C0200A4FB80 /* Default.png */,
				1B496C82163E1C0200A4FB80 /* Default@2x.png */,
				1B496C84163E1C0200A4FB80 /* Default-568h@2x.png */,
			);
			name = "Supporting Files";
			sourceTree = "<group>";
		};
		1B496CA0163E519E00A4FB80 /* Command */ = {
			isa = PBXGroup;
			children = (
				1B496CA2163E521100A4FB80 /* DCCustimizableCommand.h */,
				1B496CA3163E521100A4FB80 /* DCCustimizableCommand.m */,
				1B496CA5163E534B00A4FB80 /* DCSaveScribbleCommand.h */,
				1B496CA6163E534B00A4FB80 /* DCSaveScribbleCommand.m */,
				1B496CA8163E570F00A4FB80 /* DCDeleteScribbleCommand.h */,
				1B496CA9163E570F00A4FB80 /* DCDeleteScribbleCommand.m */,
				1B496CAB163E594900A4FB80 /* DCOpenScribbleCommand.h */,
				1B496CAC163E594900A4FB80 /* DCOpenScribbleCommand.m */,
				1B496CB9163E64AD00A4FB80 /* DCSetStrokeSizeCommand.h */,
				1B496CBA163E64AE00A4FB80 /* DCSetStrokeSizeCommand.m */,
				1B496CBC163E707500A4FB80 /* DCSetStrokeColorCommand.h */,
				1B496CBD163E707500A4FB80 /* DCSetStrokeColorCommand.m */,
			);
			name = Command;
			sourceTree = "<group>";
		};
		1B496CAF163E5D2500A4FB80 /* Scribble */ = {
			isa = PBXGroup;
			children = (
			);
			name = Scribble;
			sourceTree = "<group>";
		};
		1B496CBF163E795300A4FB80 /* Utility */ = {
			isa = PBXGroup;
			children = (
				1B496CC0163E797700A4FB80 /* DCCommandBarButton.h */,
				1B496CC1163E797700A4FB80 /* DCCommandBarButton.m */,
				1B496CC3163E821900A4FB80 /* DCCommandSlider.h */,
				1B496CC4163E821900A4FB80 /* DCCommandSlider.m */,
				1BE25496163F676800F6D002 /* NSMutableArray+Stack.h */,
				1BE25497163F676800F6D002 /* NSMutableArray+Stack.m */,
				1BE2549A163F6AC100F6D002 /* UIView+UIImage.h */,
				1BE2549B163F6AC100F6D002 /* UIView+UIImage.m */,
			);
			name = Utility;
			sourceTree = "<group>";
		};
/* End PBXGroup section */

/* Begin PBXNativeTarget section */
		1B496C69163E1C0100A4FB80 /* CuriousCaptain */ = {
			isa = PBXNativeTarget;
			buildConfigurationList = 1B496C91163E1C0200A4FB80 /* Build configuration list for PBXNativeTarget "CuriousCaptain" */;
			buildPhases = (
				1B496C66163E1C0100A4FB80 /* Sources */,
				1B496C67163E1C0100A4FB80 /* Frameworks */,
				1B496C68163E1C0100A4FB80 /* Resources */,
			);
			buildRules = (
			);
			dependencies = (
			);
			name = CuriousCaptain;
			productName = CuriousCaptain;
			productReference = 1B496C6A163E1C0200A4FB80 /* CuriousCaptain.app */;
			productType = "com.apple.product-type.application";
		};
/* End PBXNativeTarget section */

/* Begin PBXProject section */
		1B496C61163E1C0100A4FB80 /* Project object */ = {
			isa = PBXProject;
			attributes = {
				CLASSPREFIX = DC;
				LastUpgradeCheck = 0450;
				ORGANIZATIONNAME = "Chen XiaoLiang";
			};
			buildConfigurationList = 1B496C64163E1C0100A4FB80 /* Build configuration list for PBXProject "CuriousCaptain" */;
			compatibilityVersion = "Xcode 3.2";
			developmentRegion = English;
			hasScannedForEncodings = 0;
			knownRegions = (
				en,
			);
			mainGroup = 1B496C5F163E1C0100A4FB80;
			productRefGroup = 1B496C6B163E1C0200A4FB80 /* Products */;
			projectDirPath = "";
			projectRoot = "";
			targets = (
				1B496C69163E1C0100A4FB80 /* CuriousCaptain */,
			);
		};
/* End PBXProject section */

/* Begin PBXResourcesBuildPhase section */
		1B496C68163E1C0100A4FB80 /* Resources */ = {
			isa = PBXResourcesBuildPhase;
			buildActionMask = 2147483647;
			files = (
				1B496C79163E1C0200A4FB80 /* InfoPlist.strings in Resources */,
				1B496C81163E1C0200A4FB80 /* Default.png in Resources */,
				1B496C83163E1C0200A4FB80 /* Default@2x.png in Resources */,
				1B496C85163E1C0200A4FB80 /* Default-568h@2x.png in Resources */,
				1B496C8B163E1C0200A4FB80 /* DCViewController_iPhone.xib in Resources */,
				1B496C8E163E1C0200A4FB80 /* DCViewController_iPad.xib in Resources */,
			);
			runOnlyForDeploymentPostprocessing = 0;
		};
/* End PBXResourcesBuildPhase section */

/* Begin PBXSourcesBuildPhase section */
		1B496C66163E1C0100A4FB80 /* Sources */ = {
			isa = PBXSourcesBuildPhase;
			buildActionMask = 2147483647;
			files = (
				1B496C7B163E1C0200A4FB80 /* main.m in Sources */,
				1B496C7F163E1C0200A4FB80 /* DCAppDelegate.m in Sources */,
				1B496C88163E1C0200A4FB80 /* DCViewController.m in Sources */,
				1B496CA4163E521100A4FB80 /* DCCustimizableCommand.m in Sources */,
				1B496CA7163E534B00A4FB80 /* DCSaveScribbleCommand.m in Sources */,
				1B496CAA163E570F00A4FB80 /* DCDeleteScribbleCommand.m in Sources */,
				1B496CAD163E594900A4FB80 /* DCOpenScribbleCommand.m in Sources */,
				1B496CBB163E64AE00A4FB80 /* DCSetStrokeSizeCommand.m in Sources */,
				1B496CBE163E707600A4FB80 /* DCSetStrokeColorCommand.m in Sources */,
				1B496CC2163E797700A4FB80 /* DCCommandBarButton.m in Sources */,
				1B496CC5163E821900A4FB80 /* DCCommandSlider.m in Sources */,
				1BE25498163F676800F6D002 /* NSMutableArray+Stack.m in Sources */,
				1BE2549C163F6AC100F6D002 /* UIView+UIImage.m in Sources */,
				1BE254A4163F7A5B00F6D002 /* DCCanvasViewGenerator.m in Sources */,
				1BE254A7163F7A8600F6D002 /* DCPaperCanvasViewGenerator.m in Sources */,
				1BE254AA163F7A9800F6D002 /* DCClothCanvasViewGenerator.m in Sources */,
			);
			runOnlyForDeploymentPostprocessing = 0;
		};
/* End PBXSourcesBuildPhase section */

/* Begin PBXVariantGroup section */
		1B496C77163E1C0200A4FB80 /* InfoPlist.strings */ = {
			isa = PBXVariantGroup;
			children = (
				1B496C78163E1C0200A4FB80 /* en */,
			);
			name = InfoPlist.strings;
			sourceTree = "<group>";
		};
		1B496C89163E1C0200A4FB80 /* DCViewController_iPhone.xib */ = {
			isa = PBXVariantGroup;
			children = (
				1B496C8A163E1C0200A4FB80 /* en */,
			);
			name = DCViewController_iPhone.xib;
			sourceTree = "<group>";
		};
		1B496C8C163E1C0200A4FB80 /* DCViewController_iPad.xib */ = {
			isa = PBXVariantGroup;
			children = (
				1B496C8D163E1C0200A4FB80 /* en */,
			);
			name = DCViewController_iPad.xib;
			sourceTree = "<group>";
		};
/* End PBXVariantGroup section */

/* Begin XCBuildConfiguration section */
		1B496C8F163E1C0200A4FB80 /* Debug */ = {
			isa = XCBuildConfiguration;
			buildSettings = {
				ALWAYS_SEARCH_USER_PATHS = NO;
				CLANG_CXX_LANGUAGE_STANDARD = "gnu++0x";
				CLANG_CXX_LIBRARY = "libc++";
				CLANG_WARN_EMPTY_BODY = YES;
				CLANG_WARN__DUPLICATE_METHOD_MATCH = YES;
				"CODE_SIGN_IDENTITY[sdk=iphoneos*]" = "iPhone Developer";
				COPY_PHASE_STRIP = NO;
				GCC_C_LANGUAGE_STANDARD = gnu99;
				GCC_DYNAMIC_NO_PIC = NO;
				GCC_OPTIMIZATION_LEVEL = 0;
				GCC_PREPROCESSOR_DEFINITIONS = (
					"DEBUG=1",
					"$(inherited)",
				);
				GCC_SYMBOLS_PRIVATE_EXTERN = NO;
				GCC_WARN_ABOUT_RETURN_TYPE = YES;
				GCC_WARN_UNINITIALIZED_AUTOS = YES;
				GCC_WARN_UNUSED_VARIABLE = YES;
				IPHONEOS_DEPLOYMENT_TARGET = 6.0;
				ONLY_ACTIVE_ARCH = YES;
				SDKROOT = iphoneos;
				TARGETED_DEVICE_FAMILY = "1,2";
			};
			name = Debug;
		};
		1B496C90163E1C0200A4FB80 /* Release */ = {
			isa = XCBuildConfiguration;
			buildSettings = {
				ALWAYS_SEARCH_USER_PATHS = NO;
				CLANG_CXX_LANGUAGE_STANDARD = "gnu++0x";
				CLANG_CXX_LIBRARY = "libc++";
				CLANG_WARN_EMPTY_BODY = YES;
				CLANG_WARN__DUPLICATE_METHOD_MATCH = YES;
				"CODE_SIGN_IDENTITY[sdk=iphoneos*]" = "iPhone Developer";
				COPY_PHASE_STRIP = YES;
				GCC_C_LANGUAGE_STANDARD = gnu99;
				GCC_WARN_ABOUT_RETURN_TYPE = YES;
				GCC_WARN_UNINITIALIZED_AUTOS = YES;
				GCC_WARN_UNUSED_VARIABLE = YES;
				IPHONEOS_DEPLOYMENT_TARGET = 6.0;
				OTHER_CFLAGS = "-DNS_BLOCK_ASSERTIONS=1";
				SDKROOT = iphoneos;
				TARGETED_DEVICE_FAMILY = "1,2";
				VALIDATE_PRODUCT = YES;
			};
			name = Release;
		};
		1B496C92163E1C0200A4FB80 /* Debug */ = {
			isa = XCBuildConfiguration;
			buildSettings = {
				GCC_PRECOMPILE_PREFIX_HEADER = YES;
				GCC_PREFIX_HEADER = "CuriousCaptain/CuriousCaptain-Prefix.pch";
				INFOPLIST_FILE = "CuriousCaptain/CuriousCaptain-Info.plist";
				PRODUCT_NAME = "$(TARGET_NAME)";
				WRAPPER_EXTENSION = app;
			};
			name = Debug;
		};
		1B496C93163E1C0200A4FB80 /* Release */ = {
			isa = XCBuildConfiguration;
			buildSettings = {
				GCC_PRECOMPILE_PREFIX_HEADER = YES;
				GCC_PREFIX_HEADER = "CuriousCaptain/CuriousCaptain-Prefix.pch";
				INFOPLIST_FILE = "CuriousCaptain/CuriousCaptain-Info.plist";
				PRODUCT_NAME = "$(TARGET_NAME)";
				WRAPPER_EXTENSION = app;
			};
			name = Release;
		};
/* End XCBuildConfiguration section */

/* Begin XCConfigurationList section */
		1B496C64163E1C0100A4FB80 /* Build configuration list for PBXProject "CuriousCaptain" */ = {
			isa = XCConfigurationList;
			buildConfigurations = (
				1B496C8F163E1C0200A4FB80 /* Debug */,
				1B496C90163E1C0200A4FB80 /* Release */,
			);
			defaultConfigurationIsVisible = 0;
			defaultConfigurationName = Release;
		};
		1B496C91163E1C0200A4FB80 /* Build configuration list for PBXNativeTarget "CuriousCaptain" */ = {
			isa = XCConfigurationList;
			buildConfigurations = (
				1B496C92163E1C0200A4FB80 /* Debug */,
				1B496C93163E1C0200A4FB80 /* Release */,
			);
			defaultConfigurationIsVisible = 0;
			defaultConfigurationName = Release;
		};
/* End XCConfigurationList section */
	};
	rootObject = 1B496C61163E1C0100A4FB80 /* Project object */;
}
